
Microsoft Visual Studio Solution File, Format Version 12.00
# Visual Studio Version 17
VisualStudioVersion = 17.7.34221.43
MinimumVisualStudioVersion = 10.0.40219.1
Project("{8BC9CEB8-8B4A-11D0-8D11-00A0C91BC942}") = "Project1", "Project1\Project1.vcxproj", "{31039F67-F33B-46EA-963C-5FF3FD011BBD}"
EndProject
Global
	GlobalSection(SolutionConfigurationPlatforms) = preSolution
		Debug|x64 = Debug|x64
		Debug|x86 = Debug|x86
		Release|x64 = Release|x64
		Release|x86 = Release|x86
	EndGlobalSection
	GlobalSection(ProjectConfigurationPlatforms) = postSolution
		{31039F67-F33B-46EA-963C-5FF3FD011BBD}.Debug|x64.ActiveCfg = Debug|x64
		{31039F67-F33B-46EA-963C-5FF3FD011BBD}.Debug|x64.Build.0 = Debug|x64
		{31039F67-F33B-46EA-963C-5FF3FD011BBD}.Debug|x86.ActiveCfg = Debug|Win32
		{31039F67-F33B-46EA-963C-5FF3FD011BBD}.Debug|x86.Build.0 = Debug|Win32
		{31039F67-F33B-46EA-963C-5FF3FD011BBD}.Release|x64.ActiveCfg = Release|x64
		{31039F67-F33B-46EA-963C-5FF3FD011BBD}.Release|x64.Build.0 = Release|x64
		{31039F67-F33B-46EA-963C-5FF3FD011BBD}.Release|x86.ActiveCfg = Release|Win32
		{31039F67-F33B-46EA-963C-5FF3FD011BBD}.Release|x86.Build.0 = Release|Win32
	EndGlobalSection
	GlobalSection(SolutionProperties) = preSolution
		HideSolutionNode = FALSE
	EndGlobalSection
	GlobalSection(ExtensibilityGlobals) = postSolution
		SolutionGuid = {5869D9A8-9BCF-470F-8E50-4645B3D0956A}
	EndGlobalSection
EndGlobal
